// !$*UTF8*$!
{
	archiveVersion = 1;
	classes = {
	};
	objectVersion = 50;
	objects = {

/* Begin PBXBuildFile section */
		20A5E8D8114D4647B48D844E /* Pods_snax.framework in Frameworks */ = {isa = PBXBuildFile; fileRef = E509ACD6BB142BA00D93B68C /* Pods_snax.framework */; };
		21001816227230F200DD15D8 /* MenuItem.swift in Sources */ = {isa = PBXBuildFile; fileRef = 21001815227230F200DD15D8 /* MenuItem.swift */; };
		210D6C262272971C00349C9D /* NetworkManager.swift in Sources */ = {isa = PBXBuildFile; fileRef = 210D6C252272971C00349C9D /* NetworkManager.swift */; };
		210D6C282272985D00349C9D /* User.swift in Sources */ = {isa = PBXBuildFile; fileRef = 210D6C272272985D00349C9D /* User.swift */; };
		216B808322725D8A0096998D /* credentials.plist in Resources */ = {isa = PBXBuildFile; fileRef = 216B808222725D8A0096998D /* credentials.plist */; };
		AC50DABD2273AF6800AF458A /* DetailTableViewCell.swift in Sources */ = {isa = PBXBuildFile; fileRef = AC50DABC2273AF6800AF458A /* DetailTableViewCell.swift */; };
		AC50DABF2273D31100AF458A /* MenuItemViewController.swift in Sources */ = {isa = PBXBuildFile; fileRef = AC50DABE2273D31100AF458A /* MenuItemViewController.swift */; };
		AC85F5B2226C00A200A3E213 /* AppDelegate.swift in Sources */ = {isa = PBXBuildFile; fileRef = AC85F5B1226C00A200A3E213 /* AppDelegate.swift */; };
		AC85F5B4226C00A200A3E213 /* ViewController.swift in Sources */ = {isa = PBXBuildFile; fileRef = AC85F5B3226C00A200A3E213 /* ViewController.swift */; };
		AC85F5B9226C00A300A3E213 /* Assets.xcassets in Resources */ = {isa = PBXBuildFile; fileRef = AC85F5B8226C00A300A3E213 /* Assets.xcassets */; };
		AC85F5CC226C02DC00A3E213 /* TabBarController.swift in Sources */ = {isa = PBXBuildFile; fileRef = AC85F5CB226C02DC00A3E213 /* TabBarController.swift */; };
		AC85F5D0226C055F00A3E213 /* CartViewController.swift in Sources */ = {isa = PBXBuildFile; fileRef = AC85F5CF226C055F00A3E213 /* CartViewController.swift */; };
		ACBB5F9D227292A000B01D08 /* DeliveryViewController.swift in Sources */ = {isa = PBXBuildFile; fileRef = ACBB5F9C227292A000B01D08 /* DeliveryViewController.swift */; };
		ACF08759226C1E4E00F5976A /* AccountViewController.swift in Sources */ = {isa = PBXBuildFile; fileRef = ACF08758226C1E4E00F5976A /* AccountViewController.swift */; };
		ACF08763226C250200F5976A /* Restaurant.swift in Sources */ = {isa = PBXBuildFile; fileRef = ACF08762226C250200F5976A /* Restaurant.swift */; };
		ACF08765226C264700F5976A /* Filter.swift in Sources */ = {isa = PBXBuildFile; fileRef = ACF08764226C264700F5976A /* Filter.swift */; };
		ACF08767226C269900F5976A /* FilterCollectionViewCell.swift in Sources */ = {isa = PBXBuildFile; fileRef = ACF08766226C269900F5976A /* FilterCollectionViewCell.swift */; };
		ACF0876F226C280C00F5976A /* RestaurantCollectionViewCell.swift in Sources */ = {isa = PBXBuildFile; fileRef = ACF0876E226C280C00F5976A /* RestaurantCollectionViewCell.swift */; };
		ACF08771226C286E00F5976A /* DetailViewController.swift in Sources */ = {isa = PBXBuildFile; fileRef = ACF08770226C286E00F5976A /* DetailViewController.swift */; };
/* End PBXBuildFile section */

/* Begin PBXFileReference section */
		21001815227230F200DD15D8 /* MenuItem.swift */ = {isa = PBXFileReference; lastKnownFileType = sourcecode.swift; path = MenuItem.swift; sourceTree = "<group>"; };
		210D6C252272971C00349C9D /* NetworkManager.swift */ = {isa = PBXFileReference; lastKnownFileType = sourcecode.swift; path = NetworkManager.swift; sourceTree = "<group>"; };
		210D6C272272985D00349C9D /* User.swift */ = {isa = PBXFileReference; lastKnownFileType = sourcecode.swift; path = User.swift; sourceTree = "<group>"; };
		216B808222725D8A0096998D /* credentials.plist */ = {isa = PBXFileReference; fileEncoding = 4; lastKnownFileType = text.plist.xml; path = credentials.plist; sourceTree = "<group>"; };
		21B2B73464A707DD92E91D3C /* Pods-snax.release.xcconfig */ = {isa = PBXFileReference; includeInIndex = 1; lastKnownFileType = text.xcconfig; name = "Pods-snax.release.xcconfig"; path = "Target Support Files/Pods-snax/Pods-snax.release.xcconfig"; sourceTree = "<group>"; };
		AC399BE17291B87BCB8B310D /* Pods-snax.debug.xcconfig */ = {isa = PBXFileReference; includeInIndex = 1; lastKnownFileType = text.xcconfig; name = "Pods-snax.debug.xcconfig"; path = "Target Support Files/Pods-snax/Pods-snax.debug.xcconfig"; sourceTree = "<group>"; };
		AC50DABC2273AF6800AF458A /* DetailTableViewCell.swift */ = {isa = PBXFileReference; lastKnownFileType = sourcecode.swift; path = DetailTableViewCell.swift; sourceTree = "<group>"; };
		AC50DABE2273D31100AF458A /* MenuItemViewController.swift */ = {isa = PBXFileReference; lastKnownFileType = sourcecode.swift; path = MenuItemViewController.swift; sourceTree = "<group>"; };
		AC85F5AE226C00A200A3E213 /* snax.app */ = {isa = PBXFileReference; explicitFileType = wrapper.application; includeInIndex = 0; path = snax.app; sourceTree = BUILT_PRODUCTS_DIR; };
		AC85F5B1226C00A200A3E213 /* AppDelegate.swift */ = {isa = PBXFileReference; lastKnownFileType = sourcecode.swift; path = AppDelegate.swift; sourceTree = "<group>"; };
		AC85F5B3226C00A200A3E213 /* ViewController.swift */ = {isa = PBXFileReference; lastKnownFileType = sourcecode.swift; path = ViewController.swift; sourceTree = "<group>"; };
		AC85F5B8226C00A300A3E213 /* Assets.xcassets */ = {isa = PBXFileReference; lastKnownFileType = folder.assetcatalog; path = Assets.xcassets; sourceTree = "<group>"; };
		AC85F5BD226C00A300A3E213 /* Info.plist */ = {isa = PBXFileReference; lastKnownFileType = text.plist.xml; path = Info.plist; sourceTree = "<group>"; };
		AC85F5CB226C02DC00A3E213 /* TabBarController.swift */ = {isa = PBXFileReference; lastKnownFileType = sourcecode.swift; path = TabBarController.swift; sourceTree = "<group>"; };
		AC85F5CF226C055F00A3E213 /* CartViewController.swift */ = {isa = PBXFileReference; lastKnownFileType = sourcecode.swift; path = CartViewController.swift; sourceTree = "<group>"; };
		ACBB5F9C227292A000B01D08 /* DeliveryViewController.swift */ = {isa = PBXFileReference; lastKnownFileType = sourcecode.swift; path = DeliveryViewController.swift; sourceTree = "<group>"; };
		ACF08758226C1E4E00F5976A /* AccountViewController.swift */ = {isa = PBXFileReference; lastKnownFileType = sourcecode.swift; path = AccountViewController.swift; sourceTree = "<group>"; };
		ACF08762226C250200F5976A /* Restaurant.swift */ = {isa = PBXFileReference; lastKnownFileType = sourcecode.swift; path = Restaurant.swift; sourceTree = "<group>"; };
		ACF08764226C264700F5976A /* Filter.swift */ = {isa = PBXFileReference; lastKnownFileType = sourcecode.swift; path = Filter.swift; sourceTree = "<group>"; };
		ACF08766226C269900F5976A /* FilterCollectionViewCell.swift */ = {isa = PBXFileReference; lastKnownFileType = sourcecode.swift; path = FilterCollectionViewCell.swift; sourceTree = "<group>"; };
		ACF0876E226C280C00F5976A /* RestaurantCollectionViewCell.swift */ = {isa = PBXFileReference; lastKnownFileType = sourcecode.swift; path = RestaurantCollectionViewCell.swift; sourceTree = "<group>"; };
		ACF08770226C286E00F5976A /* DetailViewController.swift */ = {isa = PBXFileReference; lastKnownFileType = sourcecode.swift; path = DetailViewController.swift; sourceTree = "<group>"; };
		E509ACD6BB142BA00D93B68C /* Pods_snax.framework */ = {isa = PBXFileReference; explicitFileType = wrapper.framework; includeInIndex = 0; path = Pods_snax.framework; sourceTree = BUILT_PRODUCTS_DIR; };
/* End PBXFileReference section */

/* Begin PBXFrameworksBuildPhase section */
		AC85F5AB226C00A200A3E213 /* Frameworks */ = {
			isa = PBXFrameworksBuildPhase;
			buildActionMask = 2147483647;
			files = (
				20A5E8D8114D4647B48D844E /* Pods_snax.framework in Frameworks */,
			);
			runOnlyForDeploymentPostprocessing = 0;
		};
/* End PBXFrameworksBuildPhase section */

/* Begin PBXGroup section */
		211E32FC227249DF0070A901 /* Cells */ = {
			isa = PBXGroup;
			children = (
				AC50DABC2273AF6800AF458A /* DetailTableViewCell.swift */,
				ACF0876E226C280C00F5976A /* RestaurantCollectionViewCell.swift */,
				ACF08766226C269900F5976A /* FilterCollectionViewCell.swift */,
			);
			path = Cells;
			sourceTree = "<group>";
		};
		211E32FE227249F10070A901 /* Views */ = {
			isa = PBXGroup;
			children = (
			);
			path = Views;
			sourceTree = "<group>";
		};
		211E330022724A000070A901 /* Models */ = {
			isa = PBXGroup;
			children = (
				210D6C252272971C00349C9D /* NetworkManager.swift */,
				210D6C272272985D00349C9D /* User.swift */,
				21001815227230F200DD15D8 /* MenuItem.swift */,
				ACF08762226C250200F5976A /* Restaurant.swift */,
				ACF08764226C264700F5976A /* Filter.swift */,
			);
			path = Models;
			sourceTree = "<group>";
		};
		211E330122724A080070A901 /* Controllers */ = {
			isa = PBXGroup;
			children = (
				AC85F5B3226C00A200A3E213 /* ViewController.swift */,
				ACF08770226C286E00F5976A /* DetailViewController.swift */,
				AC50DABE2273D31100AF458A /* MenuItemViewController.swift */,
				AC85F5CB226C02DC00A3E213 /* TabBarController.swift */,
				ACF08758226C1E4E00F5976A /* AccountViewController.swift */,
				AC85F5CF226C055F00A3E213 /* CartViewController.swift */,
				ACBB5F9C227292A000B01D08 /* DeliveryViewController.swift */,
			);
			path = Controllers;
			sourceTree = "<group>";
		};
		5D1765A2DD9D2023996F8946 /* Frameworks */ = {
			isa = PBXGroup;
			children = (
				E509ACD6BB142BA00D93B68C /* Pods_snax.framework */,
			);
			name = Frameworks;
			sourceTree = "<group>";
		};
		9436109DE02ECBE8AA309AA0 /* Pods */ = {
			isa = PBXGroup;
			children = (
				AC399BE17291B87BCB8B310D /* Pods-snax.debug.xcconfig */,
				21B2B73464A707DD92E91D3C /* Pods-snax.release.xcconfig */,
			);
			path = Pods;
			sourceTree = "<group>";
		};
		AC85F5A5226C00A200A3E213 = {
			isa = PBXGroup;
			children = (
				AC85F5B0226C00A200A3E213 /* snax */,
				AC85F5AF226C00A200A3E213 /* Products */,
				9436109DE02ECBE8AA309AA0 /* Pods */,
				5D1765A2DD9D2023996F8946 /* Frameworks */,
			);
			sourceTree = "<group>";
		};
		AC85F5AF226C00A200A3E213 /* Products */ = {
			isa = PBXGroup;
			children = (
				AC85F5AE226C00A200A3E213 /* snax.app */,
			);
			name = Products;
			sourceTree = "<group>";
		};
		AC85F5B0226C00A200A3E213 /* snax */ = {
			isa = PBXGroup;
			children = (
				AC85F5B1226C00A200A3E213 /* AppDelegate.swift */,
				216B808222725D8A0096998D /* credentials.plist */,
				211E330122724A080070A901 /* Controllers */,
				211E330022724A000070A901 /* Models */,
				211E32FC227249DF0070A901 /* Cells */,
				211E32FE227249F10070A901 /* Views */,
				AC85F5B8226C00A300A3E213 /* Assets.xcassets */,
				AC85F5BD226C00A300A3E213 /* Info.plist */,
			);
			path = snax;
			sourceTree = "<group>";
		};
/* End PBXGroup section */

/* Begin PBXNativeTarget section */
		AC85F5AD226C00A200A3E213 /* snax */ = {
			isa = PBXNativeTarget;
			buildConfigurationList = AC85F5C0226C00A300A3E213 /* Build configuration list for PBXNativeTarget "snax" */;
			buildPhases = (
				9D2DC1F3ADF0C4AA5B4421C9 /* [CP] Check Pods Manifest.lock */,
				AC85F5AA226C00A200A3E213 /* Sources */,
				AC85F5AB226C00A200A3E213 /* Frameworks */,
				AC85F5AC226C00A200A3E213 /* Resources */,
				5A7F8EF3AAA39057D5DD7283 /* [CP] Embed Pods Frameworks */,
				16DC51357BE3407AD7962BB5 /* [CP] Copy Pods Resources */,
			);
			buildRules = (
			);
			dependencies = (
			);
			name = snax;
			productName = snax;
			productReference = AC85F5AE226C00A200A3E213 /* snax.app */;
			productType = "com.apple.product-type.application";
		};
/* End PBXNativeTarget section */

/* Begin PBXProject section */
		AC85F5A6226C00A200A3E213 /* Project object */ = {
			isa = PBXProject;
			attributes = {
				LastSwiftUpdateCheck = 1010;
				LastUpgradeCheck = 1010;
				ORGANIZATIONNAME = "Jessica Yuan";
				TargetAttributes = {
					AC85F5AD226C00A200A3E213 = {
						CreatedOnToolsVersion = 10.1;
						LastSwiftMigration = 1020;
					};
				};
			};
			buildConfigurationList = AC85F5A9226C00A200A3E213 /* Build configuration list for PBXProject "snax" */;
			compatibilityVersion = "Xcode 9.3";
			developmentRegion = en;
			hasScannedForEncodings = 0;
			knownRegions = (
				en,
				Base,
			);
			mainGroup = AC85F5A5226C00A200A3E213;
			productRefGroup = AC85F5AF226C00A200A3E213 /* Products */;
			projectDirPath = "";
			projectRoot = "";
			targets = (
				AC85F5AD226C00A200A3E213 /* snax */,
			);
		};
/* End PBXProject section */

/* Begin PBXResourcesBuildPhase section */
		AC85F5AC226C00A200A3E213 /* Resources */ = {
			isa = PBXResourcesBuildPhase;
			buildActionMask = 2147483647;
			files = (
				AC85F5B9226C00A300A3E213 /* Assets.xcassets in Resources */,
				216B808322725D8A0096998D /* credentials.plist in Resources */,
			);
			runOnlyForDeploymentPostprocessing = 0;
		};
/* End PBXResourcesBuildPhase section */

/* Begin PBXShellScriptBuildPhase section */
		16DC51357BE3407AD7962BB5 /* [CP] Copy Pods Resources */ = {
			isa = PBXShellScriptBuildPhase;
			buildActionMask = 2147483647;
			files = (
			);
			inputFileListPaths = (
			);
			inputPaths = (
				"${PODS_ROOT}/Target Support Files/Pods-snax/Pods-snax-resources.sh",
				"${PODS_ROOT}/GoogleMaps/Maps/Frameworks/GoogleMaps.framework/Resources/GoogleMaps.bundle",
				"${PODS_ROOT}/GooglePlaces/Frameworks/GooglePlaces.framework/Resources/GooglePlaces.bundle",
				"${PODS_ROOT}/GoogleSignIn/Resources/GoogleSignIn.bundle",
			);
			name = "[CP] Copy Pods Resources";
			outputFileListPaths = (
			);
			outputPaths = (
				"${TARGET_BUILD_DIR}/${UNLOCALIZED_RESOURCES_FOLDER_PATH}/GoogleMaps.bundle",
				"${TARGET_BUILD_DIR}/${UNLOCALIZED_RESOURCES_FOLDER_PATH}/GooglePlaces.bundle",
				"${TARGET_BUILD_DIR}/${UNLOCALIZED_RESOURCES_FOLDER_PATH}/GoogleSignIn.bundle",
			);
			runOnlyForDeploymentPostprocessing = 0;
			shellPath = /bin/sh;
			shellScript = "\"${PODS_ROOT}/Target Support Files/Pods-snax/Pods-snax-resources.sh\"\n";
			showEnvVarsInLog = 0;
		};
		5A7F8EF3AAA39057D5DD7283 /* [CP] Embed Pods Frameworks */ = {
			isa = PBXShellScriptBuildPhase;
			buildActionMask = 2147483647;
			files = (
			);
			inputFileListPaths = (
			);
			inputPaths = (
				"${PODS_ROOT}/Target Support Files/Pods-snax/Pods-snax-frameworks.sh",
				"${BUILT_PRODUCTS_DIR}/Alamofire/Alamofire.framework",
				"${BUILT_PRODUCTS_DIR}/GTMSessionFetcher/GTMSessionFetcher.framework",
				"${BUILT_PRODUCTS_DIR}/GoogleToolboxForMac/GoogleToolboxForMac.framework",
				"${BUILT_PRODUCTS_DIR}/SnapKit/SnapKit.framework",
			);
			name = "[CP] Embed Pods Frameworks";
			outputFileListPaths = (
			);
			outputPaths = (
				"${TARGET_BUILD_DIR}/${FRAMEWORKS_FOLDER_PATH}/Alamofire.framework",
				"${TARGET_BUILD_DIR}/${FRAMEWORKS_FOLDER_PATH}/GTMSessionFetcher.framework",
				"${TARGET_BUILD_DIR}/${FRAMEWORKS_FOLDER_PATH}/GoogleToolboxForMac.framework",
				"${TARGET_BUILD_DIR}/${FRAMEWORKS_FOLDER_PATH}/SnapKit.framework",
			);
			runOnlyForDeploymentPostprocessing = 0;
			shellPath = /bin/sh;
			shellScript = "\"${PODS_ROOT}/Target Support Files/Pods-snax/Pods-snax-frameworks.sh\"\n";
			showEnvVarsInLog = 0;
		};
		9D2DC1F3ADF0C4AA5B4421C9 /* [CP] Check Pods Manifest.lock */ = {
			isa = PBXShellScriptBuildPhase;
			buildActionMask = 2147483647;
			files = (
			);
			inputFileListPaths = (
			);
			inputPaths = (
				"${PODS_PODFILE_DIR_PATH}/Podfile.lock",
				"${PODS_ROOT}/Manifest.lock",
			);
			name = "[CP] Check Pods Manifest.lock";
			outputFileListPaths = (
			);
			outputPaths = (
				"$(DERIVED_FILE_DIR)/Pods-snax-checkManifestLockResult.txt",
			);
			runOnlyForDeploymentPostprocessing = 0;
			shellPath = /bin/sh;
			shellScript = "diff \"${PODS_PODFILE_DIR_PATH}/Podfile.lock\" \"${PODS_ROOT}/Manifest.lock\" > /dev/null\nif [ $? != 0 ] ; then\n    # print error to STDERR\n    echo \"error: The sandbox is not in sync with the Podfile.lock. Run 'pod install' or update your CocoaPods installation.\" >&2\n    exit 1\nfi\n# This output is used by Xcode 'outputs' to avoid re-running this script phase.\necho \"SUCCESS\" > \"${SCRIPT_OUTPUT_FILE_0}\"\n";
			showEnvVarsInLog = 0;
		};
/* End PBXShellScriptBuildPhase section */

/* Begin PBXSourcesBuildPhase section */
		AC85F5AA226C00A200A3E213 /* Sources */ = {
			isa = PBXSourcesBuildPhase;
			buildActionMask = 2147483647;
			files = (
				AC85F5D0226C055F00A3E213 /* CartViewController.swift in Sources */,
				ACF08767226C269900F5976A /* FilterCollectionViewCell.swift in Sources */,
				ACBB5F9D227292A000B01D08 /* DeliveryViewController.swift in Sources */,
				AC50DABD2273AF6800AF458A /* DetailTableViewCell.swift in Sources */,
				ACF08759226C1E4E00F5976A /* AccountViewController.swift in Sources */,
				ACF08763226C250200F5976A /* Restaurant.swift in Sources */,
				AC85F5CC226C02DC00A3E213 /* TabBarController.swift in Sources */,
				ACF08765226C264700F5976A /* Filter.swift in Sources */,
				ACF0876F226C280C00F5976A /* RestaurantCollectionViewCell.swift in Sources */,
				210D6C282272985D00349C9D /* User.swift in Sources */,
				AC50DABF2273D31100AF458A /* MenuItemViewController.swift in Sources */,
				ACF08771226C286E00F5976A /* DetailViewController.swift in Sources */,
				AC85F5B4226C00A200A3E213 /* ViewController.swift in Sources */,
				210D6C262272971C00349C9D /* NetworkManager.swift in Sources */,
				21001816227230F200DD15D8 /* MenuItem.swift in Sources */,
				AC85F5B2226C00A200A3E213 /* AppDelegate.swift in Sources */,
			);
			runOnlyForDeploymentPostprocessing = 0;
		};
/* End PBXSourcesBuildPhase section */

/* Begin XCBuildConfiguration section */
		AC85F5BE226C00A300A3E213 /* Debug */ = {
			isa = XCBuildConfiguration;
			buildSettings = {
				ALWAYS_SEARCH_USER_PATHS = NO;
				CLANG_ANALYZER_NONNULL = YES;
				CLANG_ANALYZER_NUMBER_OBJECT_CONVERSION = YES_AGGRESSIVE;
				CLANG_CXX_LANGUAGE_STANDARD = "gnu++14";
				CLANG_CXX_LIBRARY = "libc++";
				CLANG_ENABLE_MODULES = YES;
				CLANG_ENABLE_OBJC_ARC = YES;
				CLANG_ENABLE_OBJC_WEAK = YES;
				CLANG_WARN_BLOCK_CAPTURE_AUTORELEASING = YES;
				CLANG_WARN_BOOL_CONVERSION = YES;
				CLANG_WARN_COMMA = YES;
				CLANG_WARN_CONSTANT_CONVERSION = YES;
				CLANG_WARN_DEPRECATED_OBJC_IMPLEMENTATIONS = YES;
				CLANG_WARN_DIRECT_OBJC_ISA_USAGE = YES_ERROR;
				CLANG_WARN_DOCUMENTATION_COMMENTS = YES;
				CLANG_WARN_EMPTY_BODY = YES;
				CLANG_WARN_ENUM_CONVERSION = YES;
				CLANG_WARN_INFINITE_RECURSION = YES;
				CLANG_WARN_INT_CONVERSION = YES;
				CLANG_WARN_NON_LITERAL_NULL_CONVERSION = YES;
				CLANG_WARN_OBJC_IMPLICIT_RETAIN_SELF = YES;
				CLANG_WARN_OBJC_LITERAL_CONVERSION = YES;
				CLANG_WARN_OBJC_ROOT_CLASS = YES_ERROR;
				CLANG_WARN_RANGE_LOOP_ANALYSIS = YES;
				CLANG_WARN_STRICT_PROTOTYPES = YES;
				CLANG_WARN_SUSPICIOUS_MOVE = YES;
				CLANG_WARN_UNGUARDED_AVAILABILITY = YES_AGGRESSIVE;
				CLANG_WARN_UNREACHABLE_CODE = YES;
				CLANG_WARN__DUPLICATE_METHOD_MATCH = YES;
				CODE_SIGN_IDENTITY = "iPhone Developer";
				COPY_PHASE_STRIP = NO;
				DEBUG_INFORMATION_FORMAT = dwarf;
				ENABLE_STRICT_OBJC_MSGSEND = YES;
				ENABLE_TESTABILITY = YES;
				GCC_C_LANGUAGE_STANDARD = gnu11;
				GCC_DYNAMIC_NO_PIC = NO;
				GCC_NO_COMMON_BLOCKS = YES;
				GCC_OPTIMIZATION_LEVEL = 0;
				GCC_PREPROCESSOR_DEFINITIONS = (
					"DEBUG=1",
					"$(inherited)",
				);
				GCC_WARN_64_TO_32_BIT_CONVERSION = YES;
				GCC_WARN_ABOUT_RETURN_TYPE = YES_ERROR;
				GCC_WARN_UNDECLARED_SELECTOR = YES;
				GCC_WARN_UNINITIALIZED_AUTOS = YES_AGGRESSIVE;
				GCC_WARN_UNUSED_FUNCTION = YES;
				GCC_WARN_UNUSED_VARIABLE = YES;
				IPHONEOS_DEPLOYMENT_TARGET = 12.1;
				MTL_ENABLE_DEBUG_INFO = INCLUDE_SOURCE;
				MTL_FAST_MATH = YES;
				ONLY_ACTIVE_ARCH = YES;
				SDKROOT = iphoneos;
				SWIFT_ACTIVE_COMPILATION_CONDITIONS = DEBUG;
				SWIFT_OPTIMIZATION_LEVEL = "-Onone";
			};
			name = Debug;
		};
		AC85F5BF226C00A300A3E213 /* Release */ = {
			isa = XCBuildConfiguration;
			buildSettings = {
				ALWAYS_SEARCH_USER_PATHS = NO;
				CLANG_ANALYZER_NONNULL = YES;
				CLANG_ANALYZER_NUMBER_OBJECT_CONVERSION = YES_AGGRESSIVE;
				CLANG_CXX_LANGUAGE_STANDARD = "gnu++14";
				CLANG_CXX_LIBRARY = "libc++";
				CLANG_ENABLE_MODULES = YES;
				CLANG_ENABLE_OBJC_ARC = YES;
				CLANG_ENABLE_OBJC_WEAK = YES;
				CLANG_WARN_BLOCK_CAPTURE_AUTORELEASING = YES;
				CLANG_WARN_BOOL_CONVERSION = YES;
				CLANG_WARN_COMMA = YES;
				CLANG_WARN_CONSTANT_CONVERSION = YES;
				CLANG_WARN_DEPRECATED_OBJC_IMPLEMENTATIONS = YES;
				CLANG_WARN_DIRECT_OBJC_ISA_USAGE = YES_ERROR;
				CLANG_WARN_DOCUMENTATION_COMMENTS = YES;
				CLANG_WARN_EMPTY_BODY = YES;
				CLANG_WARN_ENUM_CONVERSION = YES;
				CLANG_WARN_INFINITE_RECURSION = YES;
				CLANG_WARN_INT_CONVERSION = YES;
				CLANG_WARN_NON_LITERAL_NULL_CONVERSION = YES;
				CLANG_WARN_OBJC_IMPLICIT_RETAIN_SELF = YES;
				CLANG_WARN_OBJC_LITERAL_CONVERSION = YES;
				CLANG_WARN_OBJC_ROOT_CLASS = YES_ERROR;
				CLANG_WARN_RANGE_LOOP_ANALYSIS = YES;
				CLANG_WARN_STRICT_PROTOTYPES = YES;
				CLANG_WARN_SUSPICIOUS_MOVE = YES;
				CLANG_WARN_UNGUARDED_AVAILABILITY = YES_AGGRESSIVE;
				CLANG_WARN_UNREACHABLE_CODE = YES;
				CLANG_WARN__DUPLICATE_METHOD_MATCH = YES;
				CODE_SIGN_IDENTITY = "iPhone Developer";
				COPY_PHASE_STRIP = NO;
				DEBUG_INFORMATION_FORMAT = "dwarf-with-dsym";
				ENABLE_NS_ASSERTIONS = NO;
				ENABLE_STRICT_OBJC_MSGSEND = YES;
				GCC_C_LANGUAGE_STANDARD = gnu11;
				GCC_NO_COMMON_BLOCKS = YES;
				GCC_WARN_64_TO_32_BIT_CONVERSION = YES;
				GCC_WARN_ABOUT_RETURN_TYPE = YES_ERROR;
				GCC_WARN_UNDECLARED_SELECTOR = YES;
				GCC_WARN_UNINITIALIZED_AUTOS = YES_AGGRESSIVE;
				GCC_WARN_UNUSED_FUNCTION = YES;
				GCC_WARN_UNUSED_VARIABLE = YES;
				IPHONEOS_DEPLOYMENT_TARGET = 12.1;
				MTL_ENABLE_DEBUG_INFO = NO;
				MTL_FAST_MATH = YES;
				SDKROOT = iphoneos;
				SWIFT_COMPILATION_MODE = wholemodule;
				SWIFT_OPTIMIZATION_LEVEL = "-O";
				VALIDATE_PRODUCT = YES;
			};
			name = Release;
		};
		AC85F5C1226C00A300A3E213 /* Debug */ = {
			isa = XCBuildConfiguration;
			baseConfigurationReference = AC399BE17291B87BCB8B310D /* Pods-snax.debug.xcconfig */;
			buildSettings = {
				ASSETCATALOG_COMPILER_APPICON_NAME = AppIcon;
				CODE_SIGN_STYLE = Automatic;
				DEVELOPMENT_TEAM = 5U3XXMS8JB;
				INFOPLIST_FILE = snax/Info.plist;
				LD_RUNPATH_SEARCH_PATHS = (
					"$(inherited)",
					"@executable_path/Frameworks",
				);
				PRODUCT_BUNDLE_IDENTIFIER = com.snax;
				PRODUCT_NAME = "$(TARGET_NAME)";
				SWIFT_VERSION = 5.0;
				TARGETED_DEVICE_FAMILY = "1,2";
			};
			name = Debug;
		};
		AC85F5C2226C00A300A3E213 /* Release */ = {
			isa = XCBuildConfiguration;
			baseConfigurationReference = 21B2B73464A707DD92E91D3C /* Pods-snax.release.xcconfig */;
			buildSettings = {
				ASSETCATALOG_COMPILER_APPICON_NAME = AppIcon;
				CODE_SIGN_STYLE = Automatic;
				DEVELOPMENT_TEAM = 5U3XXMS8JB;
				INFOPLIST_FILE = snax/Info.plist;
				LD_RUNPATH_SEARCH_PATHS = (
					"$(inherited)",
					"@executable_path/Frameworks",
				);
				PRODUCT_BUNDLE_IDENTIFIER = com.snax;
				PRODUCT_NAME = "$(TARGET_NAME)";
				SWIFT_VERSION = 5.0;
				TARGETED_DEVICE_FAMILY = "1,2";
			};
			name = Release;
		};
/* End XCBuildConfiguration section */

/* Begin XCConfigurationList section */
		AC85F5A9226C00A200A3E213 /* Build configuration list for PBXProject "snax" */ = {
			isa = XCConfigurationList;
			buildConfigurations = (
				AC85F5BE226C00A300A3E213 /* Debug */,
				AC85F5BF226C00A300A3E213 /* Release */,
			);
			defaultConfigurationIsVisible = 0;
			defaultConfigurationName = Release;
		};
		AC85F5C0226C00A300A3E213 /* Build configuration list for PBXNativeTarget "snax" */ = {
			isa = XCConfigurationList;
			buildConfigurations = (
				AC85F5C1226C00A300A3E213 /* Debug */,
				AC85F5C2226C00A300A3E213 /* Release */,
			);
			defaultConfigurationIsVisible = 0;
			defaultConfigurationName = Release;
		};
/* End XCConfigurationList section */
	};
	rootObject = AC85F5A6226C00A200A3E213 /* Project object */;
}
